// !$*UTF8*$!
{
	archiveVersion = 1;
	classes = {
	};
	objectVersion = 46;
	objects = {

/* Begin PBXBuildFile section */
		383DE4461C45E66600F8BC38 /* main.swift in Sources */ = {isa = PBXBuildFile; fileRef = 383DE4451C45E66600F8BC38 /* main.swift */; };
		383DE4521C45E73D00F8BC38 /* helpers.swift in Sources */ = {isa = PBXBuildFile; fileRef = 383DE4511C45E73D00F8BC38 /* helpers.swift */; };
		383DE45B1C45E7AD00F8BC38 /* guessGame.swift in Sources */ = {isa = PBXBuildFile; fileRef = 383DE45A1C45E7AD00F8BC38 /* guessGame.swift */; };
		383DE45D1C45E87F00F8BC38 /* Person.swift in Sources */ = {isa = PBXBuildFile; fileRef = 383DE45C1C45E87F00F8BC38 /* Person.swift */; };
/* End PBXBuildFile section */

/* Begin PBXCopyFilesBuildPhase section */
		383DE4401C45E66600F8BC38 /* CopyFiles */ = {
			isa = PBXCopyFilesBuildPhase;
			buildActionMask = 2147483647;
			dstPath = /usr/share/man/man1/;
			dstSubfolderSpec = 0;
			files = (
			);
			runOnlyForDeploymentPostprocessing = 1;
		};
/* End PBXCopyFilesBuildPhase section */

/* Begin PBXFileReference section */
		383DE4421C45E66600F8BC38 /* SwiftTutorials_CommandLine */ = {isa = PBXFileReference; explicitFileType = "compiled.mach-o.executable"; includeInIndex = 0; path = SwiftTutorials_CommandLine; sourceTree = BUILT_PRODUCTS_DIR; };
		383DE4451C45E66600F8BC38 /* main.swift */ = {isa = PBXFileReference; lastKnownFileType = sourcecode.swift; path = main.swift; sourceTree = "<group>"; };
		383DE4511C45E73D00F8BC38 /* helpers.swift */ = {isa = PBXFileReference; fileEncoding = 4; lastKnownFileType = sourcecode.swift; path = helpers.swift; sourceTree = "<group>"; };
		383DE4541C45E76900F8BC38 /* 01.playground */ = {isa = PBXFileReference; lastKnownFileType = file.playground; path = 01.playground; sourceTree = "<group>"; };
		383DE4551C45E76900F8BC38 /* 02.playground */ = {isa = PBXFileReference; lastKnownFileType = file.playground; path = 02.playground; sourceTree = "<group>"; };
		383DE4561C45E76900F8BC38 /* 03.playground */ = {isa = PBXFileReference; lastKnownFileType = file.playground; path = 03.playground; sourceTree = "<group>"; };
		383DE45A1C45E7AD00F8BC38 /* guessGame.swift */ = {isa = PBXFileReference; fileEncoding = 4; lastKnownFileType = sourcecode.swift; path = guessGame.swift; sourceTree = "<group>"; };
		383DE45C1C45E87F00F8BC38 /* Person.swift */ = {isa = PBXFileReference; fileEncoding = 4; lastKnownFileType = sourcecode.swift; path = Person.swift; sourceTree = "<group>"; };
/* End PBXFileReference section */

/* Begin PBXFrameworksBuildPhase section */
		383DE43F1C45E66600F8BC38 /* Frameworks */ = {
			isa = PBXFrameworksBuildPhase;
			buildActionMask = 2147483647;
			files = (
			);
			runOnlyForDeploymentPostprocessing = 0;
		};
/* End PBXFrameworksBuildPhase section */

/* Begin PBXGroup section */
		383DE4391C45E66600F8BC38 = {
			isa = PBXGroup;
			children = (
				383DE4441C45E66600F8BC38 /* SwiftTutorials_CommandLine */,
				383DE4431C45E66600F8BC38 /* Products */,
			);
			sourceTree = "<group>";
		};
		383DE4431C45E66600F8BC38 /* Products */ = {
			isa = PBXGroup;
			children = (
				383DE4421C45E66600F8BC38 /* SwiftTutorials_CommandLine */,
			);
			name = Products;
			sourceTree = "<group>";
		};
		383DE4441C45E66600F8BC38 /* SwiftTutorials_CommandLine */ = {
			isa = PBXGroup;
			children = (
				383DE4451C45E66600F8BC38 /* main.swift */,
				383DE4531C45E76900F8BC38 /* Tutorial_01 */,
				383DE4571C45E77B00F8BC38 /* Tutorial_02 */,
				383DE4591C45E77B00F8BC38 /* Tutorial_03 */,
				383DE4501C45E72800F8BC38 /* Tools */,
			);
			path = SwiftTutorials_CommandLine;
			sourceTree = "<group>";
		};
		383DE4501C45E72800F8BC38 /* Tools */ = {
			isa = PBXGroup;
			children = (
				383DE4511C45E73D00F8BC38 /* helpers.swift */,
			);
			path = Tools;
			sourceTree = "<group>";
		};
		383DE4531C45E76900F8BC38 /* Tutorial_01 */ = {
			isa = PBXGroup;
			children = (
				383DE4541C45E76900F8BC38 /* 01.playground */,
				383DE4551C45E76900F8BC38 /* 02.playground */,
				383DE4561C45E76900F8BC38 /* 03.playground */,
			);
			path = Tutorial_01;
			sourceTree = "<group>";
		};
		383DE4571C45E77B00F8BC38 /* Tutorial_02 */ = {
			isa = PBXGroup;
			children = (
				383DE45A1C45E7AD00F8BC38 /* guessGame.swift */,
			);
			path = Tutorial_02;
			sourceTree = "<group>";
		};
		383DE4591C45E77B00F8BC38 /* Tutorial_03 */ = {
			isa = PBXGroup;
			children = (
				383DE45C1C45E87F00F8BC38 /* Person.swift */,
			);
			path = Tutorial_03;
			sourceTree = "<group>";
		};
/* End PBXGroup section */

/* Begin PBXNativeTarget section */
		383DE4411C45E66600F8BC38 /* SwiftTutorials_CommandLine */ = {
			isa = PBXNativeTarget;
			buildConfigurationList = 383DE4491C45E66600F8BC38 /* Build configuration list for PBXNativeTarget "SwiftTutorials_CommandLine" */;
			buildPhases = (
				383DE43E1C45E66600F8BC38 /* Sources */,
				383DE43F1C45E66600F8BC38 /* Frameworks */,
				383DE4401C45E66600F8BC38 /* CopyFiles */,
			);
			buildRules = (
			);
			dependencies = (
			);
			name = SwiftTutorials_CommandLine;
			productName = SwiftTutorials_CommandLine;
			productReference = 383DE4421C45E66600F8BC38 /* SwiftTutorials_CommandLine */;
			productType = "com.apple.product-type.tool";
		};
/* End PBXNativeTarget section */

/* Begin PBXProject section */
		383DE43A1C45E66600F8BC38 /* Project object */ = {
			isa = PBXProject;
			attributes = {
				LastSwiftUpdateCheck = 0710;
				LastUpgradeCheck = 0710;
				ORGANIZATIONNAME = ZJ;
				TargetAttributes = {
					383DE4411C45E66600F8BC38 = {
						CreatedOnToolsVersion = 7.1.1;
					};
				};
			};
			buildConfigurationList = 383DE43D1C45E66600F8BC38 /* Build configuration list for PBXProject "SwiftTutorials_CommandLine" */;
			compatibilityVersion = "Xcode 3.2";
			developmentRegion = English;
			hasScannedForEncodings = 0;
			knownRegions = (
				en,
			);
			mainGroup = 383DE4391C45E66600F8BC38;
			productRefGroup = 383DE4431C45E66600F8BC38 /* Products */;
			projectDirPath = "";
			projectRoot = "";
			targets = (
				383DE4411C45E66600F8BC38 /* SwiftTutorials_CommandLine */,
			);
		};
/* End PBXProject section */

/* Begin PBXSourcesBuildPhase section */
		383DE43E1C45E66600F8BC38 /* Sources */ = {
			isa = PBXSourcesBuildPhase;
			buildActionMask = 2147483647;
			files = (
				383DE4461C45E66600F8BC38 /* main.swift in Sources */,
				383DE4521C45E73D00F8BC38 /* helpers.swift in Sources */,
				383DE45D1C45E87F00F8BC38 /* Person.swift in Sources */,
				383DE45B1C45E7AD00F8BC38 /* guessGame.swift in Sources */,
			);
			runOnlyForDeploymentPostprocessing = 0;
		};
/* End PBXSourcesBuildPhase section */

/* Begin XCBuildConfiguration section */
		383DE4471C45E66600F8BC38 /* Debug */ = {
			isa = XCBuildConfiguration;
			buildSettings = {
				ALWAYS_SEARCH_USER_PATHS = NO;
				CLANG_CXX_LANGUAGE_STANDARD = "gnu++0x";
				CLANG_CXX_LIBRARY = "libc++";
				CLANG_ENABLE_MODULES = YES;
				CLANG_ENABLE_OBJC_ARC = YES;
				CLANG_WARN_BOOL_CONVERSION = YES;
				CLANG_WARN_CONSTANT_CONVERSION = YES;
				CLANG_WARN_DIRECT_OBJC_ISA_USAGE = YES_ERROR;
				CLANG_WARN_EMPTY_BODY = YES;
				CLANG_WARN_ENUM_CONVERSION = YES;
				CLANG_WARN_INT_CONVERSION = YES;
				CLANG_WARN_OBJC_ROOT_CLASS = YES_ERROR;
				CLANG_WARN_UNREACHABLE_CODE = YES;
				CLANG_WARN__DUPLICATE_METHOD_MATCH = YES;
				CODE_SIGN_IDENTITY = "-";
				COPY_PHASE_STRIP = NO;
				DEBUG_INFORMATION_FORMAT = dwarf;
				ENABLE_STRICT_OBJC_MSGSEND = YES;
				ENABLE_TESTABILITY = YES;
				GCC_C_LANGUAGE_STANDARD = gnu99;
				GCC_DYNAMIC_NO_PIC = NO;
				GCC_NO_COMMON_BLOCKS = YES;
				GCC_OPTIMIZATION_LEVEL = 0;
				GCC_PREPROCESSOR_DEFINITIONS = (
					"DEBUG=1",
					"$(inherited)",
				);
				GCC_WARN_64_TO_32_BIT_CONVERSION = YES;
				GCC_WARN_ABOUT_RETURN_TYPE = YES_ERROR;
				GCC_WARN_UNDECLARED_SELECTOR = YES;
				GCC_WARN_UNINITIALIZED_AUTOS = YES_AGGRESSIVE;
				GCC_WARN_UNUSED_FUNCTION = YES;
				GCC_WARN_UNUSED_VARIABLE = YES;
				MACOSX_DEPLOYMENT_TARGET = 10.11;
				MTL_ENABLE_DEBUG_INFO = YES;
				ONLY_ACTIVE_ARCH = YES;
				SDKROOT = macosx;
				SWIFT_OPTIMIZATION_LEVEL = "-Onone";
			};
			name = Debug;
		};
		383DE4481C45E66600F8BC38 /* Release */ = {
			isa = XCBuildConfiguration;
			buildSettings = {
				ALWAYS_SEARCH_USER_PATHS = NO;
				CLANG_CXX_LANGUAGE_STANDARD = "gnu++0x";
				CLANG_CXX_LIBRARY = "libc++";
				CLANG_ENABLE_MODULES = YES;
				CLANG_ENABLE_OBJC_ARC = YES;
				CLANG_WARN_BOOL_CONVERSION = YES;
				CLANG_WARN_CONSTANT_CONVERSION = YES;
				CLANG_WARN_DIRECT_OBJC_ISA_USAGE = YES_ERROR;
				CLANG_WARN_EMPTY_BODY = YES;
				CLANG_WARN_ENUM_CONVERSION = YES;
				CLANG_WARN_INT_CONVERSION = YES;
				CLANG_WARN_OBJC_ROOT_CLASS = YES_ERROR;
				CLANG_WARN_UNREACHABLE_CODE = YES;
				CLANG_WARN__DUPLICATE_METHOD_MATCH = YES;
				CODE_SIGN_IDENTITY = "-";
				COPY_PHASE_STRIP = NO;
				DEBUG_INFORMATION_FORMAT = "dwarf-with-dsym";
				ENABLE_NS_ASSERTIONS = NO;
				ENABLE_STRICT_OBJC_MSGSEND = YES;
				GCC_C_LANGUAGE_STANDARD = gnu99;
				GCC_NO_COMMON_BLOCKS = YES;
				GCC_WARN_64_TO_32_BIT_CONVERSION = YES;
				GCC_WARN_ABOUT_RETURN_TYPE = YES_ERROR;
				GCC_WARN_UNDECLARED_SELECTOR = YES;
				GCC_WARN_UNINITIALIZED_AUTOS = YES_AGGRESSIVE;
				GCC_WARN_UNUSED_FUNCTION = YES;
				GCC_WARN_UNUSED_VARIABLE = YES;
				MACOSX_DEPLOYMENT_TARGET = 10.11;
				MTL_ENABLE_DEBUG_INFO = NO;
				SDKROOT = macosx;
			};
			name = Release;
		};
		383DE44A1C45E66600F8BC38 /* Debug */ = {
			isa = XCBuildConfiguration;
			buildSettings = {
				PRODUCT_NAME = "$(TARGET_NAME)";
			};
			name = Debug;
		};
		383DE44B1C45E66600F8BC38 /* Release */ = {
			isa = XCBuildConfiguration;
			buildSettings = {
				PRODUCT_NAME = "$(TARGET_NAME)";
			};
			name = Release;
		};
/* End XCBuildConfiguration section */

/* Begin XCConfigurationList section */
		383DE43D1C45E66600F8BC38 /* Build configuration list for PBXProject "SwiftTutorials_CommandLine" */ = {
			isa = XCConfigurationList;
			buildConfigurations = (
				383DE4471C45E66600F8BC38 /* Debug */,
				383DE4481C45E66600F8BC38 /* Release */,
			);
			defaultConfigurationIsVisible = 0;
			defaultConfigurationName = Release;
		};
		383DE4491C45E66600F8BC38 /* Build configuration list for PBXNativeTarget "SwiftTutorials_CommandLine" */ = {
			isa = XCConfigurationList;
			buildConfigurations = (
				383DE44A1C45E66600F8BC38 /* Debug */,
				383DE44B1C45E66600F8BC38 /* Release */,
			);
			defaultConfigurationIsVisible = 0;
		};
/* End XCConfigurationList section */
	};
	rootObject = 383DE43A1C45E66600F8BC38 /* Project object */;
}
